github.com/sizeofint/webp-animation v0.0.0-20190205203247-cb5f8d48c937 h1:WVjpFK05rZ9n7UegIa2WzRy8SGzodQEasvt38t1CAyo=
github.com/sizeofint/webp-animation v0.0.0-20190205203247-cb5f8d48c937/go.mod h1:/NQ8ciRuH+vxYhrFlnX70gvXBugMYQbBygCRocFgSZ4=
github.com/sizeofint/webp-animation v0.0.0-20190206130640-1d2b7ee7b176 h1:WB7lm05Fb5bUaWpMUwlo5h0TE0byKr8pB6N+QI3hyK4=
github.com/sizeofint/webp-animation v0.0.0-20190206130640-1d2b7ee7b176/go.mod h1:/NQ8ciRuH+vxYhrFlnX70gvXBugMYQbBygCRocFgSZ4=
